{
  "originHash" : "c6eeffd0a2d193f7725153d24a9b37a5270a624af158e11bac66cd78700f0076",
  "pins" : [
    {
      "identity" : "codescanner",
      "kind" : "remoteSourceControl",
      "location" : "https://github.com/twostraws/CodeScanner",
      "state" : {
        "revision" : "5e886430238944c7200fc9e10dbf2d9550dba865",
        "version" : "2.5.2"
      }
    },
    {
      "identity" : "jwtdecode.swift",
      "kind" : "remoteSourceControl",
      "location" : "https://github.com/auth0/JWTDecode.swift.git",
      "state" : {
        "revision" : "c4e60d71afb09c1e7f8a11a7db629469da92630b",
        "version" : "4.0.0"
      }
    }
  ],
  "version" : 3
}
